
Microsoft Visual Studio Solution File, Format Version 11.00
# Visual Studio 2010
Project("{FAE04EC0-301F-11D3-BF4B-00C04F79EFBC}") = "Assembly-CSharp", "Assembly-CSharp.csproj", "{DCA5165E-B5FF-FDB4-577C-64F7CB7A1FDE}"
EndProject
Global
	GlobalSection(SolutionConfigurationPlatforms) = preSolution
		Debug|Any CPU = Debug|Any CPU
		Release|Any CPU = Release|Any CPU
	EndGlobalSection
	GlobalSection(ProjectConfigurationPlatforms) = postSolution
		{DCA5165E-B5FF-FDB4-577C-64F7CB7A1FDE}.Debug|Any CPU.ActiveCfg = Debug|Any CPU
		{DCA5165E-B5FF-FDB4-577C-64F7CB7A1FDE}.Debug|Any CPU.Build.0 = Debug|Any CPU
		{DCA5165E-B5FF-FDB4-577C-64F7CB7A1FDE}.Release|Any CPU.ActiveCfg = Release|Any CPU
		{DCA5165E-B5FF-FDB4-577C-64F7CB7A1FDE}.Release|Any CPU.Build.0 = Release|Any CPU
	EndGlobalSection
	GlobalSection(SolutionProperties) = preSolution
		HideSolutionNode = FALSE
	EndGlobalSection
	GlobalSection(MonoDevelopProperties) = preSolution
		StartupItem = Assembly-CSharp.csproj
	EndGlobalSection
EndGlobal
